
Microsoft Visual Studio Solution File, Format Version 12.00
# Visual Studio 2013
VisualStudioVersion = 12.0.40629.0
MinimumVisualStudioVersion = 10.0.40219.1
Project("{8BC9CEB8-8B4A-11D0-8D11-00A0C91BC942}") = "OpenVEILdotNetWrapper.vc12", "OpenVEILdotNetWrapper\OpenVEILdotNetWrapper.vc12.vcxproj", "{61E5ABA4-B14E-4BFA-8590-0D5E6D9058B1}"
EndProject
Project("{FAE04EC0-301F-11D3-BF4B-00C04F79EFBC}") = "DynamicJsonParser", "DynamicJsonParser\DynamicJsonParser.csproj", "{879EFD9C-7D79-44E5-B4AC-1A0869EBC5AD}"
EndProject
Global
	GlobalSection(SolutionConfigurationPlatforms) = preSolution
		Debug|Any CPU = Debug|Any CPU
		Debug|Mixed Platforms = Debug|Mixed Platforms
		Debug|Win32 = Debug|Win32
		Debug|x64 = Debug|x64
		Release|Any CPU = Release|Any CPU
		Release|Mixed Platforms = Release|Mixed Platforms
		Release|Win32 = Release|Win32
		Release|x64 = Release|x64
	EndGlobalSection
	GlobalSection(ProjectConfigurationPlatforms) = postSolution
		{61E5ABA4-B14E-4BFA-8590-0D5E6D9058B1}.Debug|Any CPU.ActiveCfg = Debug|Win32
		{61E5ABA4-B14E-4BFA-8590-0D5E6D9058B1}.Debug|Mixed Platforms.ActiveCfg = Debug|Win32
		{61E5ABA4-B14E-4BFA-8590-0D5E6D9058B1}.Debug|Mixed Platforms.Build.0 = Debug|Win32
		{61E5ABA4-B14E-4BFA-8590-0D5E6D9058B1}.Debug|Win32.ActiveCfg = Debug|Win32
		{61E5ABA4-B14E-4BFA-8590-0D5E6D9058B1}.Debug|Win32.Build.0 = Debug|Win32
		{61E5ABA4-B14E-4BFA-8590-0D5E6D9058B1}.Debug|x64.ActiveCfg = Debug|x64
		{61E5ABA4-B14E-4BFA-8590-0D5E6D9058B1}.Debug|x64.Build.0 = Debug|x64
		{61E5ABA4-B14E-4BFA-8590-0D5E6D9058B1}.Release|Any CPU.ActiveCfg = Release|Win32
		{61E5ABA4-B14E-4BFA-8590-0D5E6D9058B1}.Release|Mixed Platforms.ActiveCfg = Release|Win32
		{61E5ABA4-B14E-4BFA-8590-0D5E6D9058B1}.Release|Mixed Platforms.Build.0 = Release|Win32
		{61E5ABA4-B14E-4BFA-8590-0D5E6D9058B1}.Release|Win32.ActiveCfg = Release|Win32
		{61E5ABA4-B14E-4BFA-8590-0D5E6D9058B1}.Release|Win32.Build.0 = Release|Win32
		{61E5ABA4-B14E-4BFA-8590-0D5E6D9058B1}.Release|x64.ActiveCfg = Release|x64
		{61E5ABA4-B14E-4BFA-8590-0D5E6D9058B1}.Release|x64.Build.0 = Release|x64
		{879EFD9C-7D79-44E5-B4AC-1A0869EBC5AD}.Debug|Any CPU.ActiveCfg = Debug|Any CPU
		{879EFD9C-7D79-44E5-B4AC-1A0869EBC5AD}.Debug|Any CPU.Build.0 = Debug|Any CPU
		{879EFD9C-7D79-44E5-B4AC-1A0869EBC5AD}.Debug|Mixed Platforms.ActiveCfg = Debug|Any CPU
		{879EFD9C-7D79-44E5-B4AC-1A0869EBC5AD}.Debug|Mixed Platforms.Build.0 = Debug|Any CPU
		{879EFD9C-7D79-44E5-B4AC-1A0869EBC5AD}.Debug|Win32.ActiveCfg = Debug|Any CPU
		{879EFD9C-7D79-44E5-B4AC-1A0869EBC5AD}.Debug|x64.ActiveCfg = Debug|Any CPU
		{879EFD9C-7D79-44E5-B4AC-1A0869EBC5AD}.Release|Any CPU.ActiveCfg = Release|Any CPU
		{879EFD9C-7D79-44E5-B4AC-1A0869EBC5AD}.Release|Any CPU.Build.0 = Release|Any CPU
		{879EFD9C-7D79-44E5-B4AC-1A0869EBC5AD}.Release|Mixed Platforms.ActiveCfg = Release|Any CPU
		{879EFD9C-7D79-44E5-B4AC-1A0869EBC5AD}.Release|Mixed Platforms.Build.0 = Release|Any CPU
		{879EFD9C-7D79-44E5-B4AC-1A0869EBC5AD}.Release|Win32.ActiveCfg = Release|Any CPU
		{879EFD9C-7D79-44E5-B4AC-1A0869EBC5AD}.Release|x64.ActiveCfg = Release|Any CPU
	EndGlobalSection
	GlobalSection(SolutionProperties) = preSolution
		HideSolutionNode = FALSE
	EndGlobalSection
EndGlobal
